{
  "name": "terok-nor",
  "version": "0.1.0",
  "lockfileVersion": 2,
  "requires": true,
  "packages": {
    "": {
      "version": "0.1.0",
      "license": "MIT",
      "dependencies": {
        "binaryen": "99.0.0-nightly.20210217"
      }
    },
    "node_modules/binaryen": {
      "version": "99.0.0-nightly.20210217",
      "resolved": "https://registry.npmjs.org/binaryen/-/binaryen-99.0.0-nightly.20210217.tgz",
      "integrity": "sha512-KPW48tJlVVEKjzI/Skdz9xaKQmAJSQAc1OlNzVXAG8qbIlfw8MkKptE0GphsRWh67gPTWnWavRqavqlaYwUfPw==",
      "bin": {
        "wasm-opt": "bin/wasm-opt"
      }
    }
  },
  "dependencies": {
    "binaryen": {
      "version": "99.0.0-nightly.20210217",
      "resolved": "https://registry.npmjs.org/binaryen/-/binaryen-99.0.0-nightly.20210217.tgz",
      "integrity": "sha512-KPW48tJlVVEKjzI/Skdz9xaKQmAJSQAc1OlNzVXAG8qbIlfw8MkKptE0GphsRWh67gPTWnWavRqavqlaYwUfPw=="
    }
  }
}
